// !$*UTF8*$!
{
	archiveVersion = 1;
	classes = {
	};
	objectVersion = 51;
	objects = {

/* Begin PBXBuildFile section */
		114B858C24CA045600DA6E05 /* AppDelegate.swift in Sources */ = {isa = PBXBuildFile; fileRef = 114B858B24CA045600DA6E05 /* AppDelegate.swift */; };
		114B858E24CA045600DA6E05 /* SceneDelegate.swift in Sources */ = {isa = PBXBuildFile; fileRef = 114B858D24CA045600DA6E05 /* SceneDelegate.swift */; };
		114B859024CA045600DA6E05 /* ViewController.swift in Sources */ = {isa = PBXBuildFile; fileRef = 114B858F24CA045600DA6E05 /* ViewController.swift */; };
		114B859324CA045600DA6E05 /* Main.storyboard in Resources */ = {isa = PBXBuildFile; fileRef = 114B859124CA045600DA6E05 /* Main.storyboard */; };
		114B859524CA045900DA6E05 /* Assets.xcassets in Resources */ = {isa = PBXBuildFile; fileRef = 114B859424CA045900DA6E05 /* Assets.xcassets */; };
		114B859824CA045900DA6E05 /* LaunchScreen.storyboard in Resources */ = {isa = PBXBuildFile; fileRef = 114B859624CA045900DA6E05 /* LaunchScreen.storyboard */; };
		114B85A124CA0F3C00DA6E05 /* CustomTableViewCell.swift in Sources */ = {isa = PBXBuildFile; fileRef = 114B859F24CA0F3C00DA6E05 /* CustomTableViewCell.swift */; };
		114B85A224CA0F3C00DA6E05 /* CustomTableViewCell.xib in Resources */ = {isa = PBXBuildFile; fileRef = 114B85A024CA0F3C00DA6E05 /* CustomTableViewCell.xib */; };
		114B85A424CA111F00DA6E05 /* SearchResultsTableViewController.swift in Sources */ = {isa = PBXBuildFile; fileRef = 114B85A324CA111F00DA6E05 /* SearchResultsTableViewController.swift */; };
		114B85A624CA13D100DA6E05 /* APIFetcher.swift in Sources */ = {isa = PBXBuildFile; fileRef = 114B85A524CA13D100DA6E05 /* APIFetcher.swift */; };
		D039046F4FE5AFEA55F899FC /* Pods_WikiSearch.framework in Frameworks */ = {isa = PBXBuildFile; fileRef = EBC6772787ACC012A768C849 /* Pods_WikiSearch.framework */; };
/* End PBXBuildFile section */

/* Begin PBXFileReference section */
		114B858824CA045600DA6E05 /* WikiSearch.app */ = {isa = PBXFileReference; explicitFileType = wrapper.application; includeInIndex = 0; path = WikiSearch.app; sourceTree = BUILT_PRODUCTS_DIR; };
		114B858B24CA045600DA6E05 /* AppDelegate.swift */ = {isa = PBXFileReference; lastKnownFileType = sourcecode.swift; path = AppDelegate.swift; sourceTree = "<group>"; };
		114B858D24CA045600DA6E05 /* SceneDelegate.swift */ = {isa = PBXFileReference; lastKnownFileType = sourcecode.swift; path = SceneDelegate.swift; sourceTree = "<group>"; };
		114B858F24CA045600DA6E05 /* ViewController.swift */ = {isa = PBXFileReference; lastKnownFileType = sourcecode.swift; path = ViewController.swift; sourceTree = "<group>"; };
		114B859224CA045600DA6E05 /* Base */ = {isa = PBXFileReference; lastKnownFileType = file.storyboard; name = Base; path = Base.lproj/Main.storyboard; sourceTree = "<group>"; };
		114B859424CA045900DA6E05 /* Assets.xcassets */ = {isa = PBXFileReference; lastKnownFileType = folder.assetcatalog; path = Assets.xcassets; sourceTree = "<group>"; };
		114B859724CA045900DA6E05 /* Base */ = {isa = PBXFileReference; lastKnownFileType = file.storyboard; name = Base; path = Base.lproj/LaunchScreen.storyboard; sourceTree = "<group>"; };
		114B859924CA045900DA6E05 /* Info.plist */ = {isa = PBXFileReference; lastKnownFileType = text.plist.xml; path = Info.plist; sourceTree = "<group>"; };
		114B859F24CA0F3C00DA6E05 /* CustomTableViewCell.swift */ = {isa = PBXFileReference; lastKnownFileType = sourcecode.swift; path = CustomTableViewCell.swift; sourceTree = "<group>"; };
		114B85A024CA0F3C00DA6E05 /* CustomTableViewCell.xib */ = {isa = PBXFileReference; lastKnownFileType = file.xib; path = CustomTableViewCell.xib; sourceTree = "<group>"; };
		114B85A324CA111F00DA6E05 /* SearchResultsTableViewController.swift */ = {isa = PBXFileReference; lastKnownFileType = sourcecode.swift; path = SearchResultsTableViewController.swift; sourceTree = "<group>"; };
		114B85A524CA13D100DA6E05 /* APIFetcher.swift */ = {isa = PBXFileReference; lastKnownFileType = sourcecode.swift; path = APIFetcher.swift; sourceTree = "<group>"; };
		74E43DF14A735C975BF02273 /* Pods-WikiSearch.debug.xcconfig */ = {isa = PBXFileReference; includeInIndex = 1; lastKnownFileType = text.xcconfig; name = "Pods-WikiSearch.debug.xcconfig"; path = "Target Support Files/Pods-WikiSearch/Pods-WikiSearch.debug.xcconfig"; sourceTree = "<group>"; };
		8FF54562EB5386B5FEA0784B /* Pods-WikiSearch.release.xcconfig */ = {isa = PBXFileReference; includeInIndex = 1; lastKnownFileType = text.xcconfig; name = "Pods-WikiSearch.release.xcconfig"; path = "Target Support Files/Pods-WikiSearch/Pods-WikiSearch.release.xcconfig"; sourceTree = "<group>"; };
		EBC6772787ACC012A768C849 /* Pods_WikiSearch.framework */ = {isa = PBXFileReference; explicitFileType = wrapper.framework; includeInIndex = 0; path = Pods_WikiSearch.framework; sourceTree = BUILT_PRODUCTS_DIR; };
/* End PBXFileReference section */

/* Begin PBXFrameworksBuildPhase section */
		114B858524CA045600DA6E05 /* Frameworks */ = {
			isa = PBXFrameworksBuildPhase;
			buildActionMask = 2147483647;
			files = (
				D039046F4FE5AFEA55F899FC /* Pods_WikiSearch.framework in Frameworks */,
			);
			runOnlyForDeploymentPostprocessing = 0;
		};
/* End PBXFrameworksBuildPhase section */

/* Begin PBXGroup section */
		114B857F24CA045600DA6E05 = {
			isa = PBXGroup;
			children = (
				114B858A24CA045600DA6E05 /* WikiSearch */,
				114B858924CA045600DA6E05 /* Products */,
				3C652855771E5CDA02AF1234 /* Pods */,
				5209F739BB2D74B2D3CF4A72 /* Frameworks */,
			);
			sourceTree = "<group>";
		};
		114B858924CA045600DA6E05 /* Products */ = {
			isa = PBXGroup;
			children = (
				114B858824CA045600DA6E05 /* WikiSearch.app */,
			);
			name = Products;
			sourceTree = "<group>";
		};
		114B858A24CA045600DA6E05 /* WikiSearch */ = {
			isa = PBXGroup;
			children = (
				114B858B24CA045600DA6E05 /* AppDelegate.swift */,
				114B858D24CA045600DA6E05 /* SceneDelegate.swift */,
				114B858F24CA045600DA6E05 /* ViewController.swift */,
				114B859124CA045600DA6E05 /* Main.storyboard */,
				114B859424CA045900DA6E05 /* Assets.xcassets */,
				114B859624CA045900DA6E05 /* LaunchScreen.storyboard */,
				114B859924CA045900DA6E05 /* Info.plist */,
				114B859F24CA0F3C00DA6E05 /* CustomTableViewCell.swift */,
				114B85A024CA0F3C00DA6E05 /* CustomTableViewCell.xib */,
				114B85A324CA111F00DA6E05 /* SearchResultsTableViewController.swift */,
				114B85A524CA13D100DA6E05 /* APIFetcher.swift */,
			);
			path = WikiSearch;
			sourceTree = "<group>";
		};
		3C652855771E5CDA02AF1234 /* Pods */ = {
			isa = PBXGroup;
			children = (
				74E43DF14A735C975BF02273 /* Pods-WikiSearch.debug.xcconfig */,
				8FF54562EB5386B5FEA0784B /* Pods-WikiSearch.release.xcconfig */,
			);
			path = Pods;
			sourceTree = "<group>";
		};
		5209F739BB2D74B2D3CF4A72 /* Frameworks */ = {
			isa = PBXGroup;
			children = (
				EBC6772787ACC012A768C849 /* Pods_WikiSearch.framework */,
			);
			name = Frameworks;
			sourceTree = "<group>";
		};
/* End PBXGroup section */

/* Begin PBXNativeTarget section */
		114B858724CA045600DA6E05 /* WikiSearch */ = {
			isa = PBXNativeTarget;
			buildConfigurationList = 114B859C24CA045900DA6E05 /* Build configuration list for PBXNativeTarget "WikiSearch" */;
			buildPhases = (
				B8D605582AD2A0B5260D88E5 /* [CP] Check Pods Manifest.lock */,
				114B858424CA045600DA6E05 /* Sources */,
				114B858524CA045600DA6E05 /* Frameworks */,
				114B858624CA045600DA6E05 /* Resources */,
				DF4928D3F68582F7C10C1843 /* [CP] Embed Pods Frameworks */,
			);
			buildRules = (
			);
			dependencies = (
			);
			name = WikiSearch;
			productName = WikiSearch;
			productReference = 114B858824CA045600DA6E05 /* WikiSearch.app */;
			productType = "com.apple.product-type.application";
		};
/* End PBXNativeTarget section */

/* Begin PBXProject section */
		114B858024CA045600DA6E05 /* Project object */ = {
			isa = PBXProject;
			attributes = {
				LastSwiftUpdateCheck = 1160;
				LastUpgradeCheck = 1160;
				ORGANIZATIONNAME = "Fayik Muzammil";
				TargetAttributes = {
					114B858724CA045600DA6E05 = {
						CreatedOnToolsVersion = 11.6;
					};
				};
			};
			buildConfigurationList = 114B858324CA045600DA6E05 /* Build configuration list for PBXProject "WikiSearch" */;
			compatibilityVersion = "Xcode 9.3";
			developmentRegion = en;
			hasScannedForEncodings = 0;
			knownRegions = (
				en,
				Base,
			);
			mainGroup = 114B857F24CA045600DA6E05;
			productRefGroup = 114B858924CA045600DA6E05 /* Products */;
			projectDirPath = "";
			projectRoot = "";
			targets = (
				114B858724CA045600DA6E05 /* WikiSearch */,
			);
		};
/* End PBXProject section */

/* Begin PBXResourcesBuildPhase section */
		114B858624CA045600DA6E05 /* Resources */ = {
			isa = PBXResourcesBuildPhase;
			buildActionMask = 2147483647;
			files = (
				114B859824CA045900DA6E05 /* LaunchScreen.storyboard in Resources */,
				114B859524CA045900DA6E05 /* Assets.xcassets in Resources */,
				114B85A224CA0F3C00DA6E05 /* CustomTableViewCell.xib in Resources */,
				114B859324CA045600DA6E05 /* Main.storyboard in Resources */,
			);
			runOnlyForDeploymentPostprocessing = 0;
		};
/* End PBXResourcesBuildPhase section */

/* Begin PBXShellScriptBuildPhase section */
		B8D605582AD2A0B5260D88E5 /* [CP] Check Pods Manifest.lock */ = {
			isa = PBXShellScriptBuildPhase;
			buildActionMask = 2147483647;
			files = (
			);
			inputFileListPaths = (
			);
			inputPaths = (
				"${PODS_PODFILE_DIR_PATH}/Podfile.lock",
				"${PODS_ROOT}/Manifest.lock",
			);
			name = "[CP] Check Pods Manifest.lock";
			outputFileListPaths = (
			);
			outputPaths = (
				"$(DERIVED_FILE_DIR)/Pods-WikiSearch-checkManifestLockResult.txt",
			);
			runOnlyForDeploymentPostprocessing = 0;
			shellPath = /bin/sh;
			shellScript = "diff \"${PODS_PODFILE_DIR_PATH}/Podfile.lock\" \"${PODS_ROOT}/Manifest.lock\" > /dev/null\nif [ $? != 0 ] ; then\n    # print error to STDERR\n    echo \"error: The sandbox is not in sync with the Podfile.lock. Run 'pod install' or update your CocoaPods installation.\" >&2\n    exit 1\nfi\n# This output is used by Xcode 'outputs' to avoid re-running this script phase.\necho \"SUCCESS\" > \"${SCRIPT_OUTPUT_FILE_0}\"\n";
			showEnvVarsInLog = 0;
		};
		DF4928D3F68582F7C10C1843 /* [CP] Embed Pods Frameworks */ = {
			isa = PBXShellScriptBuildPhase;
			buildActionMask = 2147483647;
			files = (
			);
			inputFileListPaths = (
				"${PODS_ROOT}/Target Support Files/Pods-WikiSearch/Pods-WikiSearch-frameworks-${CONFIGURATION}-input-files.xcfilelist",
			);
			name = "[CP] Embed Pods Frameworks";
			outputFileListPaths = (
				"${PODS_ROOT}/Target Support Files/Pods-WikiSearch/Pods-WikiSearch-frameworks-${CONFIGURATION}-output-files.xcfilelist",
			);
			runOnlyForDeploymentPostprocessing = 0;
			shellPath = /bin/sh;
			shellScript = "\"${PODS_ROOT}/Target Support Files/Pods-WikiSearch/Pods-WikiSearch-frameworks.sh\"\n";
			showEnvVarsInLog = 0;
		};
/* End PBXShellScriptBuildPhase section */

/* Begin PBXSourcesBuildPhase section */
		114B858424CA045600DA6E05 /* Sources */ = {
			isa = PBXSourcesBuildPhase;
			buildActionMask = 2147483647;
			files = (
				114B859024CA045600DA6E05 /* ViewController.swift in Sources */,
				114B858C24CA045600DA6E05 /* AppDelegate.swift in Sources */,
				114B85A624CA13D100DA6E05 /* APIFetcher.swift in Sources */,
				114B85A424CA111F00DA6E05 /* SearchResultsTableViewController.swift in Sources */,
				114B85A124CA0F3C00DA6E05 /* CustomTableViewCell.swift in Sources */,
				114B858E24CA045600DA6E05 /* SceneDelegate.swift in Sources */,
			);
			runOnlyForDeploymentPostprocessing = 0;
		};
/* End PBXSourcesBuildPhase section */

/* Begin PBXVariantGroup section */
		114B859124CA045600DA6E05 /* Main.storyboard */ = {
			isa = PBXVariantGroup;
			children = (
				114B859224CA045600DA6E05 /* Base */,
			);
			name = Main.storyboard;
			sourceTree = "<group>";
		};
		114B859624CA045900DA6E05 /* LaunchScreen.storyboard */ = {
			isa = PBXVariantGroup;
			children = (
				114B859724CA045900DA6E05 /* Base */,
			);
			name = LaunchScreen.storyboard;
			sourceTree = "<group>";
		};
/* End PBXVariantGroup section */

/* Begin XCBuildConfiguration section */
		114B859A24CA045900DA6E05 /* Debug */ = {
			isa = XCBuildConfiguration;
			buildSettings = {
				ALWAYS_SEARCH_USER_PATHS = NO;
				CLANG_ANALYZER_NONNULL = YES;
				CLANG_ANALYZER_NUMBER_OBJECT_CONVERSION = YES_AGGRESSIVE;
				CLANG_CXX_LANGUAGE_STANDARD = "gnu++14";
				CLANG_CXX_LIBRARY = "libc++";
				CLANG_ENABLE_MODULES = YES;
				CLANG_ENABLE_OBJC_ARC = YES;
				CLANG_ENABLE_OBJC_WEAK = YES;
				CLANG_WARN_BLOCK_CAPTURE_AUTORELEASING = YES;
				CLANG_WARN_BOOL_CONVERSION = YES;
				CLANG_WARN_COMMA = YES;
				CLANG_WARN_CONSTANT_CONVERSION = YES;
				CLANG_WARN_DEPRECATED_OBJC_IMPLEMENTATIONS = YES;
				CLANG_WARN_DIRECT_OBJC_ISA_USAGE = YES_ERROR;
				CLANG_WARN_DOCUMENTATION_COMMENTS = YES;
				CLANG_WARN_EMPTY_BODY = YES;
				CLANG_WARN_ENUM_CONVERSION = YES;
				CLANG_WARN_INFINITE_RECURSION = YES;
				CLANG_WARN_INT_CONVERSION = YES;
				CLANG_WARN_NON_LITERAL_NULL_CONVERSION = YES;
				CLANG_WARN_OBJC_IMPLICIT_RETAIN_SELF = YES;
				CLANG_WARN_OBJC_LITERAL_CONVERSION = YES;
				CLANG_WARN_OBJC_ROOT_CLASS = YES_ERROR;
				CLANG_WARN_RANGE_LOOP_ANALYSIS = YES;
				CLANG_WARN_STRICT_PROTOTYPES = YES;
				CLANG_WARN_SUSPICIOUS_MOVE = YES;
				CLANG_WARN_UNGUARDED_AVAILABILITY = YES_AGGRESSIVE;
				CLANG_WARN_UNREACHABLE_CODE = YES;
				CLANG_WARN__DUPLICATE_METHOD_MATCH = YES;
				COPY_PHASE_STRIP = NO;
				DEBUG_INFORMATION_FORMAT = dwarf;
				ENABLE_STRICT_OBJC_MSGSEND = YES;
				ENABLE_TESTABILITY = YES;
				GCC_C_LANGUAGE_STANDARD = gnu11;
				GCC_DYNAMIC_NO_PIC = NO;
				GCC_NO_COMMON_BLOCKS = YES;
				GCC_OPTIMIZATION_LEVEL = 0;
				GCC_PREPROCESSOR_DEFINITIONS = (
					"DEBUG=1",
					"$(inherited)",
				);
				GCC_WARN_64_TO_32_BIT_CONVERSION = YES;
				GCC_WARN_ABOUT_RETURN_TYPE = YES_ERROR;
				GCC_WARN_UNDECLARED_SELECTOR = YES;
				GCC_WARN_UNINITIALIZED_AUTOS = YES_AGGRESSIVE;
				GCC_WARN_UNUSED_FUNCTION = YES;
				GCC_WARN_UNUSED_VARIABLE = YES;
				IPHONEOS_DEPLOYMENT_TARGET = 13.6;
				MTL_ENABLE_DEBUG_INFO = INCLUDE_SOURCE;
				MTL_FAST_MATH = YES;
				ONLY_ACTIVE_ARCH = YES;
				SDKROOT = iphoneos;
				SWIFT_ACTIVE_COMPILATION_CONDITIONS = DEBUG;
				SWIFT_OPTIMIZATION_LEVEL = "-Onone";
			};
			name = Debug;
		};
		114B859B24CA045900DA6E05 /* Release */ = {
			isa = XCBuildConfiguration;
			buildSettings = {
				ALWAYS_SEARCH_USER_PATHS = NO;
				CLANG_ANALYZER_NONNULL = YES;
				CLANG_ANALYZER_NUMBER_OBJECT_CONVERSION = YES_AGGRESSIVE;
				CLANG_CXX_LANGUAGE_STANDARD = "gnu++14";
				CLANG_CXX_LIBRARY = "libc++";
				CLANG_ENABLE_MODULES = YES;
				CLANG_ENABLE_OBJC_ARC = YES;
				CLANG_ENABLE_OBJC_WEAK = YES;
				CLANG_WARN_BLOCK_CAPTURE_AUTORELEASING = YES;
				CLANG_WARN_BOOL_CONVERSION = YES;
				CLANG_WARN_COMMA = YES;
				CLANG_WARN_CONSTANT_CONVERSION = YES;
				CLANG_WARN_DEPRECATED_OBJC_IMPLEMENTATIONS = YES;
				CLANG_WARN_DIRECT_OBJC_ISA_USAGE = YES_ERROR;
				CLANG_WARN_DOCUMENTATION_COMMENTS = YES;
				CLANG_WARN_EMPTY_BODY = YES;
				CLANG_WARN_ENUM_CONVERSION = YES;
				CLANG_WARN_INFINITE_RECURSION = YES;
				CLANG_WARN_INT_CONVERSION = YES;
				CLANG_WARN_NON_LITERAL_NULL_CONVERSION = YES;
				CLANG_WARN_OBJC_IMPLICIT_RETAIN_SELF = YES;
				CLANG_WARN_OBJC_LITERAL_CONVERSION = YES;
				CLANG_WARN_OBJC_ROOT_CLASS = YES_ERROR;
				CLANG_WARN_RANGE_LOOP_ANALYSIS = YES;
				CLANG_WARN_STRICT_PROTOTYPES = YES;
				CLANG_WARN_SUSPICIOUS_MOVE = YES;
				CLANG_WARN_UNGUARDED_AVAILABILITY = YES_AGGRESSIVE;
				CLANG_WARN_UNREACHABLE_CODE = YES;
				CLANG_WARN__DUPLICATE_METHOD_MATCH = YES;
				COPY_PHASE_STRIP = NO;
				DEBUG_INFORMATION_FORMAT = "dwarf-with-dsym";
				ENABLE_NS_ASSERTIONS = NO;
				ENABLE_STRICT_OBJC_MSGSEND = YES;
				GCC_C_LANGUAGE_STANDARD = gnu11;
				GCC_NO_COMMON_BLOCKS = YES;
				GCC_WARN_64_TO_32_BIT_CONVERSION = YES;
				GCC_WARN_ABOUT_RETURN_TYPE = YES_ERROR;
				GCC_WARN_UNDECLARED_SELECTOR = YES;
				GCC_WARN_UNINITIALIZED_AUTOS = YES_AGGRESSIVE;
				GCC_WARN_UNUSED_FUNCTION = YES;
				GCC_WARN_UNUSED_VARIABLE = YES;
				IPHONEOS_DEPLOYMENT_TARGET = 13.6;
				MTL_ENABLE_DEBUG_INFO = NO;
				MTL_FAST_MATH = YES;
				SDKROOT = iphoneos;
				SWIFT_COMPILATION_MODE = wholemodule;
				SWIFT_OPTIMIZATION_LEVEL = "-O";
				VALIDATE_PRODUCT = YES;
			};
			name = Release;
		};
		114B859D24CA045900DA6E05 /* Debug */ = {
			isa = XCBuildConfiguration;
			baseConfigurationReference = 74E43DF14A735C975BF02273 /* Pods-WikiSearch.debug.xcconfig */;
			buildSettings = {
				ASSETCATALOG_COMPILER_APPICON_NAME = AppIcon;
				CODE_SIGN_STYLE = Automatic;
				DEVELOPMENT_TEAM = Z2347J4F97;
				INFOPLIST_FILE = WikiSearch/Info.plist;
				IPHONEOS_DEPLOYMENT_TARGET = 13.6;
				LD_RUNPATH_SEARCH_PATHS = (
					"$(inherited)",
					"@executable_path/Frameworks",
				);
				PRODUCT_BUNDLE_IDENTIFIER = fayik.WikiSearch;
				PRODUCT_NAME = "$(TARGET_NAME)";
				SWIFT_VERSION = 5.0;
				TARGETED_DEVICE_FAMILY = "1,2";
			};
			name = Debug;
		};
		114B859E24CA045900DA6E05 /* Release */ = {
			isa = XCBuildConfiguration;
			baseConfigurationReference = 8FF54562EB5386B5FEA0784B /* Pods-WikiSearch.release.xcconfig */;
			buildSettings = {
				ASSETCATALOG_COMPILER_APPICON_NAME = AppIcon;
				CODE_SIGN_STYLE = Automatic;
				DEVELOPMENT_TEAM = Z2347J4F97;
				INFOPLIST_FILE = WikiSearch/Info.plist;
				IPHONEOS_DEPLOYMENT_TARGET = 13.6;
				LD_RUNPATH_SEARCH_PATHS = (
					"$(inherited)",
					"@executable_path/Frameworks",
				);
				PRODUCT_BUNDLE_IDENTIFIER = fayik.WikiSearch;
				PRODUCT_NAME = "$(TARGET_NAME)";
				SWIFT_VERSION = 5.0;
				TARGETED_DEVICE_FAMILY = "1,2";
			};
			name = Release;
		};
/* End XCBuildConfiguration section */

/* Begin XCConfigurationList section */
		114B858324CA045600DA6E05 /* Build configuration list for PBXProject "WikiSearch" */ = {
			isa = XCConfigurationList;
			buildConfigurations = (
				114B859A24CA045900DA6E05 /* Debug */,
				114B859B24CA045900DA6E05 /* Release */,
			);
			defaultConfigurationIsVisible = 0;
			defaultConfigurationName = Release;
		};
		114B859C24CA045900DA6E05 /* Build configuration list for PBXNativeTarget "WikiSearch" */ = {
			isa = XCConfigurationList;
			buildConfigurations = (
				114B859D24CA045900DA6E05 /* Debug */,
				114B859E24CA045900DA6E05 /* Release */,
			);
			defaultConfigurationIsVisible = 0;
			defaultConfigurationName = Release;
		};
/* End XCConfigurationList section */
	};
	rootObject = 114B858024CA045600DA6E05 /* Project object */;
}
